
Microsoft Visual Studio Solution File, Format Version 12.00
# Visual Studio 15
VisualStudioVersion = 15.0.28010.2046
MinimumVisualStudioVersion = 10.0.40219.1
Project("{FAE04EC0-301F-11D3-BF4B-00C04F79EFBC}") = "DEV-6", "DEV-6\DEV-6.csproj", "{D77B46E7-8BE6-42F6-A52D-BA15DDEE64A9}"
EndProject
Global
	GlobalSection(SolutionConfigurationPlatforms) = preSolution
		Debug|Any CPU = Debug|Any CPU
		Release|Any CPU = Release|Any CPU
	EndGlobalSection
	GlobalSection(ProjectConfigurationPlatforms) = postSolution
		{D77B46E7-8BE6-42F6-A52D-BA15DDEE64A9}.Debug|Any CPU.ActiveCfg = Debug|Any CPU
		{D77B46E7-8BE6-42F6-A52D-BA15DDEE64A9}.Debug|Any CPU.Build.0 = Debug|Any CPU
		{D77B46E7-8BE6-42F6-A52D-BA15DDEE64A9}.Release|Any CPU.ActiveCfg = Release|Any CPU
		{D77B46E7-8BE6-42F6-A52D-BA15DDEE64A9}.Release|Any CPU.Build.0 = Release|Any CPU
	EndGlobalSection
	GlobalSection(SolutionProperties) = preSolution
		HideSolutionNode = FALSE
	EndGlobalSection
	GlobalSection(ExtensibilityGlobals) = postSolution
		SolutionGuid = {5AB73031-519D-4F29-A03A-23045AD3B5F3}
	EndGlobalSection
EndGlobal
